// !$*UTF8*$!
{
	archiveVersion = 1;
	classes = {
	};
	objectVersion = 55;
	objects = {

/* Begin PBXBuildFile section */
		FA1F369628085D7D0064F912 /* main.swift in Sources */ = {isa = PBXBuildFile; fileRef = FA1F369528085D7D0064F912 /* main.swift */; };
		FA1F369D280860F20064F912 /* Board.swift in Sources */ = {isa = PBXBuildFile; fileRef = FA1F369C280860F20064F912 /* Board.swift */; };
		FA1F369F280864890064F912 /* Square.swift in Sources */ = {isa = PBXBuildFile; fileRef = FA1F369E280864890064F912 /* Square.swift */; };
		FA1F36A1280866050064F912 /* Group.swift in Sources */ = {isa = PBXBuildFile; fileRef = FA1F36A0280866050064F912 /* Group.swift */; };
		FA1F36A3280866520064F912 /* Operation.swift in Sources */ = {isa = PBXBuildFile; fileRef = FA1F36A2280866520064F912 /* Operation.swift */; };
		FA1F36A52808717F0064F912 /* permutation.swift in Sources */ = {isa = PBXBuildFile; fileRef = FA1F36A42808717F0064F912 /* permutation.swift */; };
		FA1F36A72808B6420064F912 /* infix.swift in Sources */ = {isa = PBXBuildFile; fileRef = FA1F36A62808B6420064F912 /* infix.swift */; };
/* End PBXBuildFile section */

/* Begin PBXCopyFilesBuildPhase section */
		FA1F369028085D7D0064F912 /* CopyFiles */ = {
			isa = PBXCopyFilesBuildPhase;
			buildActionMask = 2147483647;
			dstPath = /usr/share/man/man1/;
			dstSubfolderSpec = 0;
			files = (
			);
			runOnlyForDeploymentPostprocessing = 1;
		};
/* End PBXCopyFilesBuildPhase section */

/* Begin PBXFileReference section */
		FA1F369228085D7D0064F912 /* KenKen Solver */ = {isa = PBXFileReference; explicitFileType = "compiled.mach-o.executable"; includeInIndex = 0; path = "KenKen Solver"; sourceTree = BUILT_PRODUCTS_DIR; };
		FA1F369528085D7D0064F912 /* main.swift */ = {isa = PBXFileReference; lastKnownFileType = sourcecode.swift; path = main.swift; sourceTree = "<group>"; };
		FA1F369C280860F20064F912 /* Board.swift */ = {isa = PBXFileReference; lastKnownFileType = sourcecode.swift; path = Board.swift; sourceTree = "<group>"; };
		FA1F369E280864890064F912 /* Square.swift */ = {isa = PBXFileReference; lastKnownFileType = sourcecode.swift; path = Square.swift; sourceTree = "<group>"; };
		FA1F36A0280866050064F912 /* Group.swift */ = {isa = PBXFileReference; lastKnownFileType = sourcecode.swift; path = Group.swift; sourceTree = "<group>"; };
		FA1F36A2280866520064F912 /* Operation.swift */ = {isa = PBXFileReference; lastKnownFileType = sourcecode.swift; path = Operation.swift; sourceTree = "<group>"; };
		FA1F36A42808717F0064F912 /* permutation.swift */ = {isa = PBXFileReference; lastKnownFileType = sourcecode.swift; path = permutation.swift; sourceTree = "<group>"; };
		FA1F36A62808B6420064F912 /* infix.swift */ = {isa = PBXFileReference; lastKnownFileType = sourcecode.swift; path = infix.swift; sourceTree = "<group>"; };
/* End PBXFileReference section */

/* Begin PBXFrameworksBuildPhase section */
		FA1F368F28085D7D0064F912 /* Frameworks */ = {
			isa = PBXFrameworksBuildPhase;
			buildActionMask = 2147483647;
			files = (
			);
			runOnlyForDeploymentPostprocessing = 0;
		};
/* End PBXFrameworksBuildPhase section */

/* Begin PBXGroup section */
		FA1F368928085D7D0064F912 = {
			isa = PBXGroup;
			children = (
				FA1F369428085D7D0064F912 /* KenKen Solver */,
				FA1F369328085D7D0064F912 /* Products */,
			);
			sourceTree = "<group>";
		};
		FA1F369328085D7D0064F912 /* Products */ = {
			isa = PBXGroup;
			children = (
				FA1F369228085D7D0064F912 /* KenKen Solver */,
			);
			name = Products;
			sourceTree = "<group>";
		};
		FA1F369428085D7D0064F912 /* KenKen Solver */ = {
			isa = PBXGroup;
			children = (
				FA1F369528085D7D0064F912 /* main.swift */,
				FA1F36A2280866520064F912 /* Operation.swift */,
				FA1F369C280860F20064F912 /* Board.swift */,
				FA1F36A42808717F0064F912 /* permutation.swift */,
				FA1F36A62808B6420064F912 /* infix.swift */,
				FA1F36A0280866050064F912 /* Group.swift */,
				FA1F369E280864890064F912 /* Square.swift */,
			);
			path = "KenKen Solver";
			sourceTree = "<group>";
		};
/* End PBXGroup section */

/* Begin PBXNativeTarget section */
		FA1F369128085D7D0064F912 /* KenKen Solver */ = {
			isa = PBXNativeTarget;
			buildConfigurationList = FA1F369928085D7D0064F912 /* Build configuration list for PBXNativeTarget "KenKen Solver" */;
			buildPhases = (
				FA1F368E28085D7D0064F912 /* Sources */,
				FA1F368F28085D7D0064F912 /* Frameworks */,
				FA1F369028085D7D0064F912 /* CopyFiles */,
			);
			buildRules = (
			);
			dependencies = (
			);
			name = "KenKen Solver";
			productName = "KenKen Solver";
			productReference = FA1F369228085D7D0064F912 /* KenKen Solver */;
			productType = "com.apple.product-type.tool";
		};
/* End PBXNativeTarget section */

/* Begin PBXProject section */
		FA1F368A28085D7D0064F912 /* Project object */ = {
			isa = PBXProject;
			attributes = {
				BuildIndependentTargetsInParallel = 1;
				LastSwiftUpdateCheck = 1330;
				LastUpgradeCheck = 1330;
				TargetAttributes = {
					FA1F369128085D7D0064F912 = {
						CreatedOnToolsVersion = 13.3;
					};
				};
			};
			buildConfigurationList = FA1F368D28085D7D0064F912 /* Build configuration list for PBXProject "KenKen Solver" */;
			compatibilityVersion = "Xcode 13.0";
			developmentRegion = en;
			hasScannedForEncodings = 0;
			knownRegions = (
				en,
				Base,
			);
			mainGroup = FA1F368928085D7D0064F912;
			productRefGroup = FA1F369328085D7D0064F912 /* Products */;
			projectDirPath = "";
			projectRoot = "";
			targets = (
				FA1F369128085D7D0064F912 /* KenKen Solver */,
			);
		};
/* End PBXProject section */

/* Begin PBXSourcesBuildPhase section */
		FA1F368E28085D7D0064F912 /* Sources */ = {
			isa = PBXSourcesBuildPhase;
			buildActionMask = 2147483647;
			files = (
				FA1F36A52808717F0064F912 /* permutation.swift in Sources */,
				FA1F369D280860F20064F912 /* Board.swift in Sources */,
				FA1F369F280864890064F912 /* Square.swift in Sources */,
				FA1F369628085D7D0064F912 /* main.swift in Sources */,
				FA1F36A3280866520064F912 /* Operation.swift in Sources */,
				FA1F36A72808B6420064F912 /* infix.swift in Sources */,
				FA1F36A1280866050064F912 /* Group.swift in Sources */,
			);
			runOnlyForDeploymentPostprocessing = 0;
		};
/* End PBXSourcesBuildPhase section */

/* Begin XCBuildConfiguration section */
		FA1F369728085D7D0064F912 /* Debug */ = {
			isa = XCBuildConfiguration;
			buildSettings = {
				ALWAYS_SEARCH_USER_PATHS = NO;
				CLANG_ANALYZER_NONNULL = YES;
				CLANG_ANALYZER_NUMBER_OBJECT_CONVERSION = YES_AGGRESSIVE;
				CLANG_CXX_LANGUAGE_STANDARD = "gnu++17";
				CLANG_ENABLE_MODULES = YES;
				CLANG_ENABLE_OBJC_ARC = YES;
				CLANG_ENABLE_OBJC_WEAK = YES;
				CLANG_WARN_BLOCK_CAPTURE_AUTORELEASING = YES;
				CLANG_WARN_BOOL_CONVERSION = YES;
				CLANG_WARN_COMMA = YES;
				CLANG_WARN_CONSTANT_CONVERSION = YES;
				CLANG_WARN_DEPRECATED_OBJC_IMPLEMENTATIONS = YES;
				CLANG_WARN_DIRECT_OBJC_ISA_USAGE = YES_ERROR;
				CLANG_WARN_DOCUMENTATION_COMMENTS = YES;
				CLANG_WARN_EMPTY_BODY = YES;
				CLANG_WARN_ENUM_CONVERSION = YES;
				CLANG_WARN_INFINITE_RECURSION = YES;
				CLANG_WARN_INT_CONVERSION = YES;
				CLANG_WARN_NON_LITERAL_NULL_CONVERSION = YES;
				CLANG_WARN_OBJC_IMPLICIT_RETAIN_SELF = YES;
				CLANG_WARN_OBJC_LITERAL_CONVERSION = YES;
				CLANG_WARN_OBJC_ROOT_CLASS = YES_ERROR;
				CLANG_WARN_QUOTED_INCLUDE_IN_FRAMEWORK_HEADER = YES;
				CLANG_WARN_RANGE_LOOP_ANALYSIS = YES;
				CLANG_WARN_STRICT_PROTOTYPES = YES;
				CLANG_WARN_SUSPICIOUS_MOVE = YES;
				CLANG_WARN_UNGUARDED_AVAILABILITY = YES_AGGRESSIVE;
				CLANG_WARN_UNREACHABLE_CODE = YES;
				CLANG_WARN__DUPLICATE_METHOD_MATCH = YES;
				COPY_PHASE_STRIP = NO;
				DEBUG_INFORMATION_FORMAT = dwarf;
				ENABLE_STRICT_OBJC_MSGSEND = YES;
				ENABLE_TESTABILITY = YES;
				GCC_C_LANGUAGE_STANDARD = gnu11;
				GCC_DYNAMIC_NO_PIC = NO;
				GCC_NO_COMMON_BLOCKS = YES;
				GCC_OPTIMIZATION_LEVEL = 0;
				GCC_PREPROCESSOR_DEFINITIONS = (
					"DEBUG=1",
					"$(inherited)",
				);
				GCC_WARN_64_TO_32_BIT_CONVERSION = YES;
				GCC_WARN_ABOUT_RETURN_TYPE = YES_ERROR;
				GCC_WARN_UNDECLARED_SELECTOR = YES;
				GCC_WARN_UNINITIALIZED_AUTOS = YES_AGGRESSIVE;
				GCC_WARN_UNUSED_FUNCTION = YES;
				GCC_WARN_UNUSED_VARIABLE = YES;
				MACOSX_DEPLOYMENT_TARGET = 12.3;
				MTL_ENABLE_DEBUG_INFO = INCLUDE_SOURCE;
				MTL_FAST_MATH = YES;
				ONLY_ACTIVE_ARCH = YES;
				SDKROOT = macosx;
				SWIFT_ACTIVE_COMPILATION_CONDITIONS = DEBUG;
				SWIFT_OPTIMIZATION_LEVEL = "-Onone";
			};
			name = Debug;
		};
		FA1F369828085D7D0064F912 /* Release */ = {
			isa = XCBuildConfiguration;
			buildSettings = {
				ALWAYS_SEARCH_USER_PATHS = NO;
				CLANG_ANALYZER_NONNULL = YES;
				CLANG_ANALYZER_NUMBER_OBJECT_CONVERSION = YES_AGGRESSIVE;
				CLANG_CXX_LANGUAGE_STANDARD = "gnu++17";
				CLANG_ENABLE_MODULES = YES;
				CLANG_ENABLE_OBJC_ARC = YES;
				CLANG_ENABLE_OBJC_WEAK = YES;
				CLANG_WARN_BLOCK_CAPTURE_AUTORELEASING = YES;
				CLANG_WARN_BOOL_CONVERSION = YES;
				CLANG_WARN_COMMA = YES;
				CLANG_WARN_CONSTANT_CONVERSION = YES;
				CLANG_WARN_DEPRECATED_OBJC_IMPLEMENTATIONS = YES;
				CLANG_WARN_DIRECT_OBJC_ISA_USAGE = YES_ERROR;
				CLANG_WARN_DOCUMENTATION_COMMENTS = YES;
				CLANG_WARN_EMPTY_BODY = YES;
				CLANG_WARN_ENUM_CONVERSION = YES;
				CLANG_WARN_INFINITE_RECURSION = YES;
				CLANG_WARN_INT_CONVERSION = YES;
				CLANG_WARN_NON_LITERAL_NULL_CONVERSION = YES;
				CLANG_WARN_OBJC_IMPLICIT_RETAIN_SELF = YES;
				CLANG_WARN_OBJC_LITERAL_CONVERSION = YES;
				CLANG_WARN_OBJC_ROOT_CLASS = YES_ERROR;
				CLANG_WARN_QUOTED_INCLUDE_IN_FRAMEWORK_HEADER = YES;
				CLANG_WARN_RANGE_LOOP_ANALYSIS = YES;
				CLANG_WARN_STRICT_PROTOTYPES = YES;
				CLANG_WARN_SUSPICIOUS_MOVE = YES;
				CLANG_WARN_UNGUARDED_AVAILABILITY = YES_AGGRESSIVE;
				CLANG_WARN_UNREACHABLE_CODE = YES;
				CLANG_WARN__DUPLICATE_METHOD_MATCH = YES;
				COPY_PHASE_STRIP = NO;
				DEBUG_INFORMATION_FORMAT = "dwarf-with-dsym";
				ENABLE_NS_ASSERTIONS = NO;
				ENABLE_STRICT_OBJC_MSGSEND = YES;
				GCC_C_LANGUAGE_STANDARD = gnu11;
				GCC_NO_COMMON_BLOCKS = YES;
				GCC_WARN_64_TO_32_BIT_CONVERSION = YES;
				GCC_WARN_ABOUT_RETURN_TYPE = YES_ERROR;
				GCC_WARN_UNDECLARED_SELECTOR = YES;
				GCC_WARN_UNINITIALIZED_AUTOS = YES_AGGRESSIVE;
				GCC_WARN_UNUSED_FUNCTION = YES;
				GCC_WARN_UNUSED_VARIABLE = YES;
				MACOSX_DEPLOYMENT_TARGET = 12.3;
				MTL_ENABLE_DEBUG_INFO = NO;
				MTL_FAST_MATH = YES;
				SDKROOT = macosx;
				SWIFT_COMPILATION_MODE = wholemodule;
				SWIFT_OPTIMIZATION_LEVEL = "-O";
			};
			name = Release;
		};
		FA1F369A28085D7D0064F912 /* Debug */ = {
			isa = XCBuildConfiguration;
			buildSettings = {
				CODE_SIGN_STYLE = Automatic;
				DEVELOPMENT_TEAM = 24T67HZ563;
				ENABLE_HARDENED_RUNTIME = YES;
				PRODUCT_NAME = "$(TARGET_NAME)";
				SWIFT_VERSION = 5.0;
			};
			name = Debug;
		};
		FA1F369B28085D7D0064F912 /* Release */ = {
			isa = XCBuildConfiguration;
			buildSettings = {
				CODE_SIGN_STYLE = Automatic;
				DEVELOPMENT_TEAM = 24T67HZ563;
				ENABLE_HARDENED_RUNTIME = YES;
				PRODUCT_NAME = "$(TARGET_NAME)";
				SWIFT_VERSION = 5.0;
			};
			name = Release;
		};
/* End XCBuildConfiguration section */

/* Begin XCConfigurationList section */
		FA1F368D28085D7D0064F912 /* Build configuration list for PBXProject "KenKen Solver" */ = {
			isa = XCConfigurationList;
			buildConfigurations = (
				FA1F369728085D7D0064F912 /* Debug */,
				FA1F369828085D7D0064F912 /* Release */,
			);
			defaultConfigurationIsVisible = 0;
			defaultConfigurationName = Release;
		};
		FA1F369928085D7D0064F912 /* Build configuration list for PBXNativeTarget "KenKen Solver" */ = {
			isa = XCConfigurationList;
			buildConfigurations = (
				FA1F369A28085D7D0064F912 /* Debug */,
				FA1F369B28085D7D0064F912 /* Release */,
			);
			defaultConfigurationIsVisible = 0;
			defaultConfigurationName = Release;
		};
/* End XCConfigurationList section */
	};
	rootObject = FA1F368A28085D7D0064F912 /* Project object */;
}
